
Microsoft Visual Studio Solution File, Format Version 12.00
# Visual Studio Version 16
VisualStudioVersion = 16.0.29709.97
MinimumVisualStudioVersion = 10.0.40219.1
Project("{FAE04EC0-301F-11D3-BF4B-00C04F79EFBC}") = "WebService", "WebService\WebService.csproj", "{50726A33-D368-4944-A65F-ECD8DEE55EDB}"
EndProject
Project("{FAE04EC0-301F-11D3-BF4B-00C04F79EFBC}") = "ServiceExample", "ServiceExample\ServiceExample.csproj", "{BDA85CB2-2E7A-4EB4-84DC-AA8587DFF0C2}"
	ProjectSection(ProjectDependencies) = postProject
		{50726A33-D368-4944-A65F-ECD8DEE55EDB} = {50726A33-D368-4944-A65F-ECD8DEE55EDB}
	EndProjectSection
EndProject
Global
	GlobalSection(SolutionConfigurationPlatforms) = preSolution
		Debug|Any CPU = Debug|Any CPU
		Release|Any CPU = Release|Any CPU
	EndGlobalSection
	GlobalSection(ProjectConfigurationPlatforms) = postSolution
		{50726A33-D368-4944-A65F-ECD8DEE55EDB}.Debug|Any CPU.ActiveCfg = Debug|Any CPU
		{50726A33-D368-4944-A65F-ECD8DEE55EDB}.Debug|Any CPU.Build.0 = Debug|Any CPU
		{50726A33-D368-4944-A65F-ECD8DEE55EDB}.Release|Any CPU.ActiveCfg = Release|Any CPU
		{50726A33-D368-4944-A65F-ECD8DEE55EDB}.Release|Any CPU.Build.0 = Release|Any CPU
		{BDA85CB2-2E7A-4EB4-84DC-AA8587DFF0C2}.Debug|Any CPU.ActiveCfg = Debug|Any CPU
		{BDA85CB2-2E7A-4EB4-84DC-AA8587DFF0C2}.Debug|Any CPU.Build.0 = Debug|Any CPU
		{BDA85CB2-2E7A-4EB4-84DC-AA8587DFF0C2}.Release|Any CPU.ActiveCfg = Release|Any CPU
		{BDA85CB2-2E7A-4EB4-84DC-AA8587DFF0C2}.Release|Any CPU.Build.0 = Release|Any CPU
	EndGlobalSection
	GlobalSection(SolutionProperties) = preSolution
		HideSolutionNode = FALSE
	EndGlobalSection
	GlobalSection(ExtensibilityGlobals) = postSolution
		SolutionGuid = {A3B5561A-C091-4869-82D1-C574D91A392E}
	EndGlobalSection
EndGlobal
